
Microsoft Visual Studio Solution File, Format Version 12.00
# Visual Studio Version 16
VisualStudioVersion = 16.0.32510.428
MinimumVisualStudioVersion = 10.0.40219.1
Project("{FAE04EC0-301F-11D3-BF4B-00C04F79EFBC}") = "Project2", "Project2.csproj", "{96F0B7D3-F140-42EB-A8D5-344AD512C50C}"
EndProject
Global
	GlobalSection(SolutionConfigurationPlatforms) = preSolution
		Debug|Any CPU = Debug|Any CPU
		Release|Any CPU = Release|Any CPU
	EndGlobalSection
	GlobalSection(ProjectConfigurationPlatforms) = postSolution
		{96F0B7D3-F140-42EB-A8D5-344AD512C50C}.Debug|Any CPU.ActiveCfg = Debug|Any CPU
		{96F0B7D3-F140-42EB-A8D5-344AD512C50C}.Debug|Any CPU.Build.0 = Debug|Any CPU
		{96F0B7D3-F140-42EB-A8D5-344AD512C50C}.Release|Any CPU.ActiveCfg = Release|Any CPU
		{96F0B7D3-F140-42EB-A8D5-344AD512C50C}.Release|Any CPU.Build.0 = Release|Any CPU
	EndGlobalSection
	GlobalSection(SolutionProperties) = preSolution
		HideSolutionNode = FALSE
	EndGlobalSection
	GlobalSection(ExtensibilityGlobals) = postSolution
		SolutionGuid = {DD8FAA32-5383-4123-AA92-CBA6F58093D1}
	EndGlobalSection
EndGlobal
